
Microsoft Visual Studio Solution File, Format Version 12.00
# Visual Studio Version 17
VisualStudioVersion = 17.5.33530.505
MinimumVisualStudioVersion = 10.0.40219.1
Project("{FAE04EC0-301F-11D3-BF4B-00C04F79EFBC}") = "Prac18_04", "Prac18_04\Prac18_04.csproj", "{BF05D2D9-828A-4F24-86DF-89BCC758A886}"
EndProject
Global
	GlobalSection(SolutionConfigurationPlatforms) = preSolution
		Debug|Any CPU = Debug|Any CPU
		Release|Any CPU = Release|Any CPU
	EndGlobalSection
	GlobalSection(ProjectConfigurationPlatforms) = postSolution
		{BF05D2D9-828A-4F24-86DF-89BCC758A886}.Debug|Any CPU.ActiveCfg = Debug|Any CPU
		{BF05D2D9-828A-4F24-86DF-89BCC758A886}.Debug|Any CPU.Build.0 = Debug|Any CPU
		{BF05D2D9-828A-4F24-86DF-89BCC758A886}.Release|Any CPU.ActiveCfg = Release|Any CPU
		{BF05D2D9-828A-4F24-86DF-89BCC758A886}.Release|Any CPU.Build.0 = Release|Any CPU
	EndGlobalSection
	GlobalSection(SolutionProperties) = preSolution
		HideSolutionNode = FALSE
	EndGlobalSection
	GlobalSection(ExtensibilityGlobals) = postSolution
		SolutionGuid = {E2197C5E-826C-418D-9A10-A50B16BD633D}
	EndGlobalSection
EndGlobal
